
Microsoft Visual Studio Solution File, Format Version 11.00
# Visual Studio 2010
Project("{FAE04EC0-301F-11D3-BF4B-00C04F79EFBC}") = "Assembly-CSharp", "Assembly-CSharp.csproj", "{001e4e98-39c9-ba8e-7dc4-a45762229149}"
EndProject
Project("{FAE04EC0-301F-11D3-BF4B-00C04F79EFBC}") = "Assembly-CSharp-Editor-firstpass", "Assembly-CSharp-Editor-firstpass.csproj", "{2361073c-2e34-aacb-d6cc-e8e7289361e8}"
EndProject
Global
	GlobalSection(SolutionConfigurationPlatforms) = preSolution
		Debug|Any CPU = Debug|Any CPU
	EndGlobalSection
	GlobalSection(ProjectConfigurationPlatforms) = postSolution
		{001e4e98-39c9-ba8e-7dc4-a45762229149}.Debug|Any CPU.ActiveCfg = Debug|Any CPU
		{001e4e98-39c9-ba8e-7dc4-a45762229149}.Debug|Any CPU.Build.0 = Debug|Any CPU
		{2361073c-2e34-aacb-d6cc-e8e7289361e8}.Debug|Any CPU.ActiveCfg = Debug|Any CPU
		{2361073c-2e34-aacb-d6cc-e8e7289361e8}.Debug|Any CPU.Build.0 = Debug|Any CPU
	EndGlobalSection
	GlobalSection(SolutionProperties) = preSolution
		HideSolutionNode = FALSE
	EndGlobalSection
EndGlobal
